
Microsoft Visual Studio Solution File, Format Version 12.00
# Visual Studio 15
VisualStudioVersion = 15.0.28307.539
MinimumVisualStudioVersion = 10.0.40219.1
Project("{8BC9CEB8-8B4A-11D0-8D11-00A0C91BC942}") = "Sammy", "Sammy\Sammy.vcxproj", "{DE6E1C3B-FDBD-4521-9013-97CA1AB000DB}"
EndProject
Global
	GlobalSection(SolutionConfigurationPlatforms) = preSolution
		Debug|x64 = Debug|x64
		Debug|x86 = Debug|x86
		MinSizeRel|x64 = MinSizeRel|x64
		MinSizeRel|x86 = MinSizeRel|x86
		Release|x64 = Release|x64
		Release|x86 = Release|x86
		RelWithDebInfo|x64 = RelWithDebInfo|x64
		RelWithDebInfo|x86 = RelWithDebInfo|x86
	EndGlobalSection
	GlobalSection(ProjectConfigurationPlatforms) = postSolution
		{DE6E1C3B-FDBD-4521-9013-97CA1AB000DB}.Debug|x64.ActiveCfg = Debug|x64
		{DE6E1C3B-FDBD-4521-9013-97CA1AB000DB}.Debug|x64.Build.0 = Debug|x64
		{DE6E1C3B-FDBD-4521-9013-97CA1AB000DB}.Debug|x86.ActiveCfg = Debug|x64
		{DE6E1C3B-FDBD-4521-9013-97CA1AB000DB}.Debug|x86.Build.0 = Debug|x64
		{DE6E1C3B-FDBD-4521-9013-97CA1AB000DB}.MinSizeRel|x64.ActiveCfg = Release|x64
		{DE6E1C3B-FDBD-4521-9013-97CA1AB000DB}.MinSizeRel|x64.Build.0 = Release|x64
		{DE6E1C3B-FDBD-4521-9013-97CA1AB000DB}.MinSizeRel|x86.ActiveCfg = Release|Win32
		{DE6E1C3B-FDBD-4521-9013-97CA1AB000DB}.MinSizeRel|x86.Build.0 = Release|Win32
		{DE6E1C3B-FDBD-4521-9013-97CA1AB000DB}.Release|x64.ActiveCfg = Release|x64
		{DE6E1C3B-FDBD-4521-9013-97CA1AB000DB}.Release|x64.Build.0 = Release|x64
		{DE6E1C3B-FDBD-4521-9013-97CA1AB000DB}.Release|x86.ActiveCfg = Release|Win32
		{DE6E1C3B-FDBD-4521-9013-97CA1AB000DB}.Release|x86.Build.0 = Release|Win32
		{DE6E1C3B-FDBD-4521-9013-97CA1AB000DB}.RelWithDebInfo|x64.ActiveCfg = Release|x64
		{DE6E1C3B-FDBD-4521-9013-97CA1AB000DB}.RelWithDebInfo|x64.Build.0 = Release|x64
		{DE6E1C3B-FDBD-4521-9013-97CA1AB000DB}.RelWithDebInfo|x86.ActiveCfg = Release|Win32
		{DE6E1C3B-FDBD-4521-9013-97CA1AB000DB}.RelWithDebInfo|x86.Build.0 = Release|Win32
	EndGlobalSection
	GlobalSection(SolutionProperties) = preSolution
		HideSolutionNode = FALSE
	EndGlobalSection
	GlobalSection(ExtensibilityGlobals) = postSolution
		SolutionGuid = {865D65C4-0F6D-4945-8932-4E32E08C7D68}
	EndGlobalSection
EndGlobal
