
Microsoft Visual Studio Solution File, Format Version 12.00
# Visual Studio 14
VisualStudioVersion = 14.0.25420.1
MinimumVisualStudioVersion = 10.0.40219.1
Project("{8BC9CEB8-8B4A-11D0-8D11-00A0C91BC942}") = "Sammy", "Sammy\Sammy.vcxproj", "{F784794E-12FC-4047-A07F-5CAD640BDE8E}"
	ProjectSection(ProjectDependencies) = postProject
		{4B184C49-26F8-3E37-97E5-873187FF5831} = {4B184C49-26F8-3E37-97E5-873187FF5831}
	EndProjectSection
EndProject
Project("{8BC9CEB8-8B4A-11D0-8D11-00A0C91BC942}") = "freeglut_static", "..\freeglut_3_2_1\freeglut_static.vcxproj", "{4B184C49-26F8-3E37-97E5-873187FF5831}"
EndProject
Global
	GlobalSection(SolutionConfigurationPlatforms) = preSolution
		Debug|x64 = Debug|x64
		Debug|x86 = Debug|x86
		MinSizeRel|x64 = MinSizeRel|x64
		MinSizeRel|x86 = MinSizeRel|x86
		Release|x64 = Release|x64
		Release|x86 = Release|x86
		RelWithDebInfo|x64 = RelWithDebInfo|x64
		RelWithDebInfo|x86 = RelWithDebInfo|x86
	EndGlobalSection
	GlobalSection(ProjectConfigurationPlatforms) = postSolution
		{F784794E-12FC-4047-A07F-5CAD640BDE8E}.Debug|x64.ActiveCfg = Debug|x64
		{F784794E-12FC-4047-A07F-5CAD640BDE8E}.Debug|x64.Build.0 = Debug|x64
		{F784794E-12FC-4047-A07F-5CAD640BDE8E}.Debug|x86.ActiveCfg = Debug|x64
		{F784794E-12FC-4047-A07F-5CAD640BDE8E}.Debug|x86.Build.0 = Debug|x64
		{F784794E-12FC-4047-A07F-5CAD640BDE8E}.MinSizeRel|x64.ActiveCfg = Release|x64
		{F784794E-12FC-4047-A07F-5CAD640BDE8E}.MinSizeRel|x64.Build.0 = Release|x64
		{F784794E-12FC-4047-A07F-5CAD640BDE8E}.MinSizeRel|x86.ActiveCfg = Release|Win32
		{F784794E-12FC-4047-A07F-5CAD640BDE8E}.MinSizeRel|x86.Build.0 = Release|Win32
		{F784794E-12FC-4047-A07F-5CAD640BDE8E}.Release|x64.ActiveCfg = Release|x64
		{F784794E-12FC-4047-A07F-5CAD640BDE8E}.Release|x64.Build.0 = Release|x64
		{F784794E-12FC-4047-A07F-5CAD640BDE8E}.Release|x86.ActiveCfg = Release|Win32
		{F784794E-12FC-4047-A07F-5CAD640BDE8E}.Release|x86.Build.0 = Release|Win32
		{F784794E-12FC-4047-A07F-5CAD640BDE8E}.RelWithDebInfo|x64.ActiveCfg = Release|x64
		{F784794E-12FC-4047-A07F-5CAD640BDE8E}.RelWithDebInfo|x64.Build.0 = Release|x64
		{F784794E-12FC-4047-A07F-5CAD640BDE8E}.RelWithDebInfo|x86.ActiveCfg = Release|Win32
		{F784794E-12FC-4047-A07F-5CAD640BDE8E}.RelWithDebInfo|x86.Build.0 = Release|Win32
		{4B184C49-26F8-3E37-97E5-873187FF5831}.Debug|x64.ActiveCfg = Debug|x64
		{4B184C49-26F8-3E37-97E5-873187FF5831}.Debug|x64.Build.0 = Debug|x64
		{4B184C49-26F8-3E37-97E5-873187FF5831}.Debug|x86.ActiveCfg = Debug|x64
		{4B184C49-26F8-3E37-97E5-873187FF5831}.Debug|x86.Build.0 = Debug|x64
		{4B184C49-26F8-3E37-97E5-873187FF5831}.MinSizeRel|x64.ActiveCfg = MinSizeRel|x64
		{4B184C49-26F8-3E37-97E5-873187FF5831}.MinSizeRel|x64.Build.0 = MinSizeRel|x64
		{4B184C49-26F8-3E37-97E5-873187FF5831}.MinSizeRel|x86.ActiveCfg = MinSizeRel|x64
		{4B184C49-26F8-3E37-97E5-873187FF5831}.Release|x64.ActiveCfg = Release|x64
		{4B184C49-26F8-3E37-97E5-873187FF5831}.Release|x64.Build.0 = Release|x64
		{4B184C49-26F8-3E37-97E5-873187FF5831}.Release|x86.ActiveCfg = Release|x64
		{4B184C49-26F8-3E37-97E5-873187FF5831}.RelWithDebInfo|x64.ActiveCfg = RelWithDebInfo|x64
		{4B184C49-26F8-3E37-97E5-873187FF5831}.RelWithDebInfo|x64.Build.0 = RelWithDebInfo|x64
		{4B184C49-26F8-3E37-97E5-873187FF5831}.RelWithDebInfo|x86.ActiveCfg = RelWithDebInfo|x64
	EndGlobalSection
	GlobalSection(SolutionProperties) = preSolution
		HideSolutionNode = FALSE
	EndGlobalSection
EndGlobal
