<?xml version="1.0" encoding="utf-8"?>
<Project ToolsVersion="15.0" xmlns="http://schemas.microsoft.com/developer/msbuild/2003">
  <ItemGroup>
    <ClCompile Include="D:\working\renderer\opgl_renderer\project\freeglut-3.2.1\progs\demos\CallbackMaker\CallbackMaker.c">
      <Filter>Source Files</Filter>
    </ClCompile>
  </ItemGroup>
  <ItemGroup>
    <CustomBuild Include="D:\working\renderer\opgl_renderer\project\freeglut-3.2.1\CMakeLists.txt" />
  </ItemGroup>
  <ItemGroup>
    <Filter Include="Source Files">
      <UniqueIdentifier>{F7FBF3C9-91CA-3723-B6C8-63485CFC8882}</UniqueIdentifier>
    </Filter>
  </ItemGroup>
</Project>
