
Microsoft Visual Studio Solution File, Format Version 12.00
# Visual Studio 15
Project("{8BC9CEB8-8B4A-11D0-8D11-00A0C91BC942}") = "ALL_BUILD", "ALL_BUILD.vcxproj", "{8D046618-5742-3EA0-8640-BC7F87623780}"
	ProjectSection(ProjectDependencies) = postProject
		{59EF66AD-BE88-3FAC-99AB-7879695B453E} = {59EF66AD-BE88-3FAC-99AB-7879695B453E}
		{34148C0A-E740-3D19-919A-E6734DFC7B01} = {34148C0A-E740-3D19-919A-E6734DFC7B01}
		{68C9B0DE-1216-3F17-BCB7-5D6FB9DCD077} = {68C9B0DE-1216-3F17-BCB7-5D6FB9DCD077}
		{0F266D09-7E74-3F9D-8BD9-DF8B2ABD7514} = {0F266D09-7E74-3F9D-8BD9-DF8B2ABD7514}
		{59DD6337-039E-38A0-812E-D39735F6C0FD} = {59DD6337-039E-38A0-812E-D39735F6C0FD}
		{3F549EE3-9E56-36AB-9AD8-4C708E64172A} = {3F549EE3-9E56-36AB-9AD8-4C708E64172A}
		{BE509059-050A-3C92-8415-AB11EA0C04CA} = {BE509059-050A-3C92-8415-AB11EA0C04CA}
		{412EF332-CD5E-390F-B8FC-1A5408E75D11} = {412EF332-CD5E-390F-B8FC-1A5408E75D11}
		{7344C1DF-69F7-3D2D-BC93-20C07B06DFF1} = {7344C1DF-69F7-3D2D-BC93-20C07B06DFF1}
		{B64F3C05-D6A4-3599-B524-2C8823FC4296} = {B64F3C05-D6A4-3599-B524-2C8823FC4296}
		{CA170611-B56E-3C17-B32C-5F6E1EF2FA18} = {CA170611-B56E-3C17-B32C-5F6E1EF2FA18}
		{4570A8A9-EBCB-3379-8BA8-6C0B3996C507} = {4570A8A9-EBCB-3379-8BA8-6C0B3996C507}
		{80C5A3A6-3FCB-3368-8E84-005605429B8A} = {80C5A3A6-3FCB-3368-8E84-005605429B8A}
		{FE8E7893-7B85-3E76-AD0C-22A3BFF23BD9} = {FE8E7893-7B85-3E76-AD0C-22A3BFF23BD9}
		{F12992AB-F494-3FBD-ACBE-7062ED2F76AE} = {F12992AB-F494-3FBD-ACBE-7062ED2F76AE}
		{AC36740B-2F59-38B8-8805-561DC1DAFDA0} = {AC36740B-2F59-38B8-8805-561DC1DAFDA0}
		{7E18FA2C-A20D-3F78-A607-963420E3C9A0} = {7E18FA2C-A20D-3F78-A607-963420E3C9A0}
		{9A35B9DB-C8F7-3DED-B89C-A80D76ADF32C} = {9A35B9DB-C8F7-3DED-B89C-A80D76ADF32C}
		{25D342F0-34BB-3D04-A68F-34A16A6EF8F8} = {25D342F0-34BB-3D04-A68F-34A16A6EF8F8}
		{1D800B45-1550-359B-A1FE-226A40286E1E} = {1D800B45-1550-359B-A1FE-226A40286E1E}
		{527A47AE-BB2A-3D3E-BE1F-C8C1F1E7B7E3} = {527A47AE-BB2A-3D3E-BE1F-C8C1F1E7B7E3}
		{50AA3171-6283-3E87-AB93-3DF565C5742B} = {50AA3171-6283-3E87-AB93-3DF565C5742B}
		{B42784A2-36F5-35CB-8280-050BE4785DA7} = {B42784A2-36F5-35CB-8280-050BE4785DA7}
		{83E46F48-0002-3204-B5FE-10E92E4065DD} = {83E46F48-0002-3204-B5FE-10E92E4065DD}
		{E28D3639-75BA-3D84-B7B6-AB76ADAE212C} = {E28D3639-75BA-3D84-B7B6-AB76ADAE212C}
		{706E5E7B-7EED-3932-9447-56FFF22B8A71} = {706E5E7B-7EED-3932-9447-56FFF22B8A71}
		{E4451795-2685-3977-971A-FF2E122A5FCB} = {E4451795-2685-3977-971A-FF2E122A5FCB}
	EndProjectSection
EndProject
Project("{8BC9CEB8-8B4A-11D0-8D11-00A0C91BC942}") = "CallbackMaker", "CallbackMaker.vcxproj", "{59EF66AD-BE88-3FAC-99AB-7879695B453E}"
	ProjectSection(ProjectDependencies) = postProject
		{80C5A3A6-3FCB-3368-8E84-005605429B8A} = {80C5A3A6-3FCB-3368-8E84-005605429B8A}
		{FE8E7893-7B85-3E76-AD0C-22A3BFF23BD9} = {FE8E7893-7B85-3E76-AD0C-22A3BFF23BD9}
	EndProjectSection
EndProject
Project("{8BC9CEB8-8B4A-11D0-8D11-00A0C91BC942}") = "CallbackMaker_static", "CallbackMaker_static.vcxproj", "{34148C0A-E740-3D19-919A-E6734DFC7B01}"
	ProjectSection(ProjectDependencies) = postProject
		{80C5A3A6-3FCB-3368-8E84-005605429B8A} = {80C5A3A6-3FCB-3368-8E84-005605429B8A}
		{F12992AB-F494-3FBD-ACBE-7062ED2F76AE} = {F12992AB-F494-3FBD-ACBE-7062ED2F76AE}
	EndProjectSection
EndProject
Project("{8BC9CEB8-8B4A-11D0-8D11-00A0C91BC942}") = "Fractals", "Fractals.vcxproj", "{68C9B0DE-1216-3F17-BCB7-5D6FB9DCD077}"
	ProjectSection(ProjectDependencies) = postProject
		{80C5A3A6-3FCB-3368-8E84-005605429B8A} = {80C5A3A6-3FCB-3368-8E84-005605429B8A}
		{FE8E7893-7B85-3E76-AD0C-22A3BFF23BD9} = {FE8E7893-7B85-3E76-AD0C-22A3BFF23BD9}
	EndProjectSection
EndProject
Project("{8BC9CEB8-8B4A-11D0-8D11-00A0C91BC942}") = "Fractals_random", "Fractals_random.vcxproj", "{0F266D09-7E74-3F9D-8BD9-DF8B2ABD7514}"
	ProjectSection(ProjectDependencies) = postProject
		{80C5A3A6-3FCB-3368-8E84-005605429B8A} = {80C5A3A6-3FCB-3368-8E84-005605429B8A}
		{FE8E7893-7B85-3E76-AD0C-22A3BFF23BD9} = {FE8E7893-7B85-3E76-AD0C-22A3BFF23BD9}
	EndProjectSection
EndProject
Project("{8BC9CEB8-8B4A-11D0-8D11-00A0C91BC942}") = "Fractals_random_static", "Fractals_random_static.vcxproj", "{59DD6337-039E-38A0-812E-D39735F6C0FD}"
	ProjectSection(ProjectDependencies) = postProject
		{80C5A3A6-3FCB-3368-8E84-005605429B8A} = {80C5A3A6-3FCB-3368-8E84-005605429B8A}
		{F12992AB-F494-3FBD-ACBE-7062ED2F76AE} = {F12992AB-F494-3FBD-ACBE-7062ED2F76AE}
	EndProjectSection
EndProject
Project("{8BC9CEB8-8B4A-11D0-8D11-00A0C91BC942}") = "Fractals_static", "Fractals_static.vcxproj", "{3F549EE3-9E56-36AB-9AD8-4C708E64172A}"
	ProjectSection(ProjectDependencies) = postProject
		{80C5A3A6-3FCB-3368-8E84-005605429B8A} = {80C5A3A6-3FCB-3368-8E84-005605429B8A}
		{F12992AB-F494-3FBD-ACBE-7062ED2F76AE} = {F12992AB-F494-3FBD-ACBE-7062ED2F76AE}
	EndProjectSection
EndProject
Project("{8BC9CEB8-8B4A-11D0-8D11-00A0C91BC942}") = "INSTALL", "INSTALL.vcxproj", "{C0A61200-39D3-3ADA-9872-98DDC6C41B35}"
	ProjectSection(ProjectDependencies) = postProject
		{8D046618-5742-3EA0-8640-BC7F87623780} = {8D046618-5742-3EA0-8640-BC7F87623780}
		{80C5A3A6-3FCB-3368-8E84-005605429B8A} = {80C5A3A6-3FCB-3368-8E84-005605429B8A}
	EndProjectSection
EndProject
Project("{8BC9CEB8-8B4A-11D0-8D11-00A0C91BC942}") = "Lorenz", "Lorenz.vcxproj", "{BE509059-050A-3C92-8415-AB11EA0C04CA}"
	ProjectSection(ProjectDependencies) = postProject
		{80C5A3A6-3FCB-3368-8E84-005605429B8A} = {80C5A3A6-3FCB-3368-8E84-005605429B8A}
		{FE8E7893-7B85-3E76-AD0C-22A3BFF23BD9} = {FE8E7893-7B85-3E76-AD0C-22A3BFF23BD9}
	EndProjectSection
EndProject
Project("{8BC9CEB8-8B4A-11D0-8D11-00A0C91BC942}") = "Lorenz_static", "Lorenz_static.vcxproj", "{412EF332-CD5E-390F-B8FC-1A5408E75D11}"
	ProjectSection(ProjectDependencies) = postProject
		{80C5A3A6-3FCB-3368-8E84-005605429B8A} = {80C5A3A6-3FCB-3368-8E84-005605429B8A}
		{F12992AB-F494-3FBD-ACBE-7062ED2F76AE} = {F12992AB-F494-3FBD-ACBE-7062ED2F76AE}
	EndProjectSection
EndProject
Project("{8BC9CEB8-8B4A-11D0-8D11-00A0C91BC942}") = "One", "One.vcxproj", "{7344C1DF-69F7-3D2D-BC93-20C07B06DFF1}"
	ProjectSection(ProjectDependencies) = postProject
		{80C5A3A6-3FCB-3368-8E84-005605429B8A} = {80C5A3A6-3FCB-3368-8E84-005605429B8A}
		{FE8E7893-7B85-3E76-AD0C-22A3BFF23BD9} = {FE8E7893-7B85-3E76-AD0C-22A3BFF23BD9}
	EndProjectSection
EndProject
Project("{8BC9CEB8-8B4A-11D0-8D11-00A0C91BC942}") = "One_static", "One_static.vcxproj", "{B64F3C05-D6A4-3599-B524-2C8823FC4296}"
	ProjectSection(ProjectDependencies) = postProject
		{80C5A3A6-3FCB-3368-8E84-005605429B8A} = {80C5A3A6-3FCB-3368-8E84-005605429B8A}
		{F12992AB-F494-3FBD-ACBE-7062ED2F76AE} = {F12992AB-F494-3FBD-ACBE-7062ED2F76AE}
	EndProjectSection
EndProject
Project("{8BC9CEB8-8B4A-11D0-8D11-00A0C91BC942}") = "Resizer", "Resizer.vcxproj", "{CA170611-B56E-3C17-B32C-5F6E1EF2FA18}"
	ProjectSection(ProjectDependencies) = postProject
		{80C5A3A6-3FCB-3368-8E84-005605429B8A} = {80C5A3A6-3FCB-3368-8E84-005605429B8A}
		{FE8E7893-7B85-3E76-AD0C-22A3BFF23BD9} = {FE8E7893-7B85-3E76-AD0C-22A3BFF23BD9}
	EndProjectSection
EndProject
Project("{8BC9CEB8-8B4A-11D0-8D11-00A0C91BC942}") = "Resizer_static", "Resizer_static.vcxproj", "{4570A8A9-EBCB-3379-8BA8-6C0B3996C507}"
	ProjectSection(ProjectDependencies) = postProject
		{80C5A3A6-3FCB-3368-8E84-005605429B8A} = {80C5A3A6-3FCB-3368-8E84-005605429B8A}
		{F12992AB-F494-3FBD-ACBE-7062ED2F76AE} = {F12992AB-F494-3FBD-ACBE-7062ED2F76AE}
	EndProjectSection
EndProject
Project("{8BC9CEB8-8B4A-11D0-8D11-00A0C91BC942}") = "ZERO_CHECK", "ZERO_CHECK.vcxproj", "{80C5A3A6-3FCB-3368-8E84-005605429B8A}"
	ProjectSection(ProjectDependencies) = postProject
	EndProjectSection
EndProject
Project("{8BC9CEB8-8B4A-11D0-8D11-00A0C91BC942}") = "freeglut", "freeglut.vcxproj", "{FE8E7893-7B85-3E76-AD0C-22A3BFF23BD9}"
	ProjectSection(ProjectDependencies) = postProject
		{80C5A3A6-3FCB-3368-8E84-005605429B8A} = {80C5A3A6-3FCB-3368-8E84-005605429B8A}
	EndProjectSection
EndProject
Project("{8BC9CEB8-8B4A-11D0-8D11-00A0C91BC942}") = "freeglut_static", "freeglut_static.vcxproj", "{F12992AB-F494-3FBD-ACBE-7062ED2F76AE}"
	ProjectSection(ProjectDependencies) = postProject
		{80C5A3A6-3FCB-3368-8E84-005605429B8A} = {80C5A3A6-3FCB-3368-8E84-005605429B8A}
	EndProjectSection
EndProject
Project("{8BC9CEB8-8B4A-11D0-8D11-00A0C91BC942}") = "multi-touch", "multi-touch.vcxproj", "{AC36740B-2F59-38B8-8805-561DC1DAFDA0}"
	ProjectSection(ProjectDependencies) = postProject
		{80C5A3A6-3FCB-3368-8E84-005605429B8A} = {80C5A3A6-3FCB-3368-8E84-005605429B8A}
		{FE8E7893-7B85-3E76-AD0C-22A3BFF23BD9} = {FE8E7893-7B85-3E76-AD0C-22A3BFF23BD9}
	EndProjectSection
EndProject
Project("{8BC9CEB8-8B4A-11D0-8D11-00A0C91BC942}") = "multi-touch_static", "multi-touch_static.vcxproj", "{7E18FA2C-A20D-3F78-A607-963420E3C9A0}"
	ProjectSection(ProjectDependencies) = postProject
		{80C5A3A6-3FCB-3368-8E84-005605429B8A} = {80C5A3A6-3FCB-3368-8E84-005605429B8A}
		{F12992AB-F494-3FBD-ACBE-7062ED2F76AE} = {F12992AB-F494-3FBD-ACBE-7062ED2F76AE}
	EndProjectSection
EndProject
Project("{8BC9CEB8-8B4A-11D0-8D11-00A0C91BC942}") = "shapes", "shapes.vcxproj", "{9A35B9DB-C8F7-3DED-B89C-A80D76ADF32C}"
	ProjectSection(ProjectDependencies) = postProject
		{80C5A3A6-3FCB-3368-8E84-005605429B8A} = {80C5A3A6-3FCB-3368-8E84-005605429B8A}
		{FE8E7893-7B85-3E76-AD0C-22A3BFF23BD9} = {FE8E7893-7B85-3E76-AD0C-22A3BFF23BD9}
	EndProjectSection
EndProject
Project("{8BC9CEB8-8B4A-11D0-8D11-00A0C91BC942}") = "shapes_static", "shapes_static.vcxproj", "{25D342F0-34BB-3D04-A68F-34A16A6EF8F8}"
	ProjectSection(ProjectDependencies) = postProject
		{80C5A3A6-3FCB-3368-8E84-005605429B8A} = {80C5A3A6-3FCB-3368-8E84-005605429B8A}
		{F12992AB-F494-3FBD-ACBE-7062ED2F76AE} = {F12992AB-F494-3FBD-ACBE-7062ED2F76AE}
	EndProjectSection
EndProject
Project("{8BC9CEB8-8B4A-11D0-8D11-00A0C91BC942}") = "smooth_opengl3", "smooth_opengl3.vcxproj", "{1D800B45-1550-359B-A1FE-226A40286E1E}"
	ProjectSection(ProjectDependencies) = postProject
		{80C5A3A6-3FCB-3368-8E84-005605429B8A} = {80C5A3A6-3FCB-3368-8E84-005605429B8A}
		{FE8E7893-7B85-3E76-AD0C-22A3BFF23BD9} = {FE8E7893-7B85-3E76-AD0C-22A3BFF23BD9}
	EndProjectSection
EndProject
Project("{8BC9CEB8-8B4A-11D0-8D11-00A0C91BC942}") = "smooth_opengl3_static", "smooth_opengl3_static.vcxproj", "{527A47AE-BB2A-3D3E-BE1F-C8C1F1E7B7E3}"
	ProjectSection(ProjectDependencies) = postProject
		{80C5A3A6-3FCB-3368-8E84-005605429B8A} = {80C5A3A6-3FCB-3368-8E84-005605429B8A}
		{F12992AB-F494-3FBD-ACBE-7062ED2F76AE} = {F12992AB-F494-3FBD-ACBE-7062ED2F76AE}
	EndProjectSection
EndProject
Project("{8BC9CEB8-8B4A-11D0-8D11-00A0C91BC942}") = "subwin", "subwin.vcxproj", "{50AA3171-6283-3E87-AB93-3DF565C5742B}"
	ProjectSection(ProjectDependencies) = postProject
		{80C5A3A6-3FCB-3368-8E84-005605429B8A} = {80C5A3A6-3FCB-3368-8E84-005605429B8A}
		{FE8E7893-7B85-3E76-AD0C-22A3BFF23BD9} = {FE8E7893-7B85-3E76-AD0C-22A3BFF23BD9}
	EndProjectSection
EndProject
Project("{8BC9CEB8-8B4A-11D0-8D11-00A0C91BC942}") = "subwin_static", "subwin_static.vcxproj", "{B42784A2-36F5-35CB-8280-050BE4785DA7}"
	ProjectSection(ProjectDependencies) = postProject
		{80C5A3A6-3FCB-3368-8E84-005605429B8A} = {80C5A3A6-3FCB-3368-8E84-005605429B8A}
		{F12992AB-F494-3FBD-ACBE-7062ED2F76AE} = {F12992AB-F494-3FBD-ACBE-7062ED2F76AE}
	EndProjectSection
EndProject
Project("{8BC9CEB8-8B4A-11D0-8D11-00A0C91BC942}") = "timer", "timer.vcxproj", "{83E46F48-0002-3204-B5FE-10E92E4065DD}"
	ProjectSection(ProjectDependencies) = postProject
		{80C5A3A6-3FCB-3368-8E84-005605429B8A} = {80C5A3A6-3FCB-3368-8E84-005605429B8A}
		{FE8E7893-7B85-3E76-AD0C-22A3BFF23BD9} = {FE8E7893-7B85-3E76-AD0C-22A3BFF23BD9}
	EndProjectSection
EndProject
Project("{8BC9CEB8-8B4A-11D0-8D11-00A0C91BC942}") = "timer_callback", "timer_callback.vcxproj", "{E28D3639-75BA-3D84-B7B6-AB76ADAE212C}"
	ProjectSection(ProjectDependencies) = postProject
		{80C5A3A6-3FCB-3368-8E84-005605429B8A} = {80C5A3A6-3FCB-3368-8E84-005605429B8A}
		{FE8E7893-7B85-3E76-AD0C-22A3BFF23BD9} = {FE8E7893-7B85-3E76-AD0C-22A3BFF23BD9}
	EndProjectSection
EndProject
Project("{8BC9CEB8-8B4A-11D0-8D11-00A0C91BC942}") = "timer_callback_static", "timer_callback_static.vcxproj", "{706E5E7B-7EED-3932-9447-56FFF22B8A71}"
	ProjectSection(ProjectDependencies) = postProject
		{80C5A3A6-3FCB-3368-8E84-005605429B8A} = {80C5A3A6-3FCB-3368-8E84-005605429B8A}
		{F12992AB-F494-3FBD-ACBE-7062ED2F76AE} = {F12992AB-F494-3FBD-ACBE-7062ED2F76AE}
	EndProjectSection
EndProject
Project("{8BC9CEB8-8B4A-11D0-8D11-00A0C91BC942}") = "timer_static", "timer_static.vcxproj", "{E4451795-2685-3977-971A-FF2E122A5FCB}"
	ProjectSection(ProjectDependencies) = postProject
		{80C5A3A6-3FCB-3368-8E84-005605429B8A} = {80C5A3A6-3FCB-3368-8E84-005605429B8A}
		{F12992AB-F494-3FBD-ACBE-7062ED2F76AE} = {F12992AB-F494-3FBD-ACBE-7062ED2F76AE}
	EndProjectSection
EndProject
Global
	GlobalSection(SolutionConfigurationPlatforms) = preSolution
		Debug|x64 = Debug|x64
		Release|x64 = Release|x64
		MinSizeRel|x64 = MinSizeRel|x64
		RelWithDebInfo|x64 = RelWithDebInfo|x64
	EndGlobalSection
	GlobalSection(ProjectConfigurationPlatforms) = postSolution
		{8D046618-5742-3EA0-8640-BC7F87623780}.Debug|x64.ActiveCfg = Debug|x64
		{8D046618-5742-3EA0-8640-BC7F87623780}.Debug|x64.Build.0 = Debug|x64
		{8D046618-5742-3EA0-8640-BC7F87623780}.Release|x64.ActiveCfg = Release|x64
		{8D046618-5742-3EA0-8640-BC7F87623780}.Release|x64.Build.0 = Release|x64
		{8D046618-5742-3EA0-8640-BC7F87623780}.MinSizeRel|x64.ActiveCfg = MinSizeRel|x64
		{8D046618-5742-3EA0-8640-BC7F87623780}.MinSizeRel|x64.Build.0 = MinSizeRel|x64
		{8D046618-5742-3EA0-8640-BC7F87623780}.RelWithDebInfo|x64.ActiveCfg = RelWithDebInfo|x64
		{8D046618-5742-3EA0-8640-BC7F87623780}.RelWithDebInfo|x64.Build.0 = RelWithDebInfo|x64
		{59EF66AD-BE88-3FAC-99AB-7879695B453E}.Debug|x64.ActiveCfg = Debug|x64
		{59EF66AD-BE88-3FAC-99AB-7879695B453E}.Debug|x64.Build.0 = Debug|x64
		{59EF66AD-BE88-3FAC-99AB-7879695B453E}.Release|x64.ActiveCfg = Release|x64
		{59EF66AD-BE88-3FAC-99AB-7879695B453E}.Release|x64.Build.0 = Release|x64
		{59EF66AD-BE88-3FAC-99AB-7879695B453E}.MinSizeRel|x64.ActiveCfg = MinSizeRel|x64
		{59EF66AD-BE88-3FAC-99AB-7879695B453E}.MinSizeRel|x64.Build.0 = MinSizeRel|x64
		{59EF66AD-BE88-3FAC-99AB-7879695B453E}.RelWithDebInfo|x64.ActiveCfg = RelWithDebInfo|x64
		{59EF66AD-BE88-3FAC-99AB-7879695B453E}.RelWithDebInfo|x64.Build.0 = RelWithDebInfo|x64
		{34148C0A-E740-3D19-919A-E6734DFC7B01}.Debug|x64.ActiveCfg = Debug|x64
		{34148C0A-E740-3D19-919A-E6734DFC7B01}.Debug|x64.Build.0 = Debug|x64
		{34148C0A-E740-3D19-919A-E6734DFC7B01}.Release|x64.ActiveCfg = Release|x64
		{34148C0A-E740-3D19-919A-E6734DFC7B01}.Release|x64.Build.0 = Release|x64
		{34148C0A-E740-3D19-919A-E6734DFC7B01}.MinSizeRel|x64.ActiveCfg = MinSizeRel|x64
		{34148C0A-E740-3D19-919A-E6734DFC7B01}.MinSizeRel|x64.Build.0 = MinSizeRel|x64
		{34148C0A-E740-3D19-919A-E6734DFC7B01}.RelWithDebInfo|x64.ActiveCfg = RelWithDebInfo|x64
		{34148C0A-E740-3D19-919A-E6734DFC7B01}.RelWithDebInfo|x64.Build.0 = RelWithDebInfo|x64
		{68C9B0DE-1216-3F17-BCB7-5D6FB9DCD077}.Debug|x64.ActiveCfg = Debug|x64
		{68C9B0DE-1216-3F17-BCB7-5D6FB9DCD077}.Debug|x64.Build.0 = Debug|x64
		{68C9B0DE-1216-3F17-BCB7-5D6FB9DCD077}.Release|x64.ActiveCfg = Release|x64
		{68C9B0DE-1216-3F17-BCB7-5D6FB9DCD077}.Release|x64.Build.0 = Release|x64
		{68C9B0DE-1216-3F17-BCB7-5D6FB9DCD077}.MinSizeRel|x64.ActiveCfg = MinSizeRel|x64
		{68C9B0DE-1216-3F17-BCB7-5D6FB9DCD077}.MinSizeRel|x64.Build.0 = MinSizeRel|x64
		{68C9B0DE-1216-3F17-BCB7-5D6FB9DCD077}.RelWithDebInfo|x64.ActiveCfg = RelWithDebInfo|x64
		{68C9B0DE-1216-3F17-BCB7-5D6FB9DCD077}.RelWithDebInfo|x64.Build.0 = RelWithDebInfo|x64
		{0F266D09-7E74-3F9D-8BD9-DF8B2ABD7514}.Debug|x64.ActiveCfg = Debug|x64
		{0F266D09-7E74-3F9D-8BD9-DF8B2ABD7514}.Debug|x64.Build.0 = Debug|x64
		{0F266D09-7E74-3F9D-8BD9-DF8B2ABD7514}.Release|x64.ActiveCfg = Release|x64
		{0F266D09-7E74-3F9D-8BD9-DF8B2ABD7514}.Release|x64.Build.0 = Release|x64
		{0F266D09-7E74-3F9D-8BD9-DF8B2ABD7514}.MinSizeRel|x64.ActiveCfg = MinSizeRel|x64
		{0F266D09-7E74-3F9D-8BD9-DF8B2ABD7514}.MinSizeRel|x64.Build.0 = MinSizeRel|x64
		{0F266D09-7E74-3F9D-8BD9-DF8B2ABD7514}.RelWithDebInfo|x64.ActiveCfg = RelWithDebInfo|x64
		{0F266D09-7E74-3F9D-8BD9-DF8B2ABD7514}.RelWithDebInfo|x64.Build.0 = RelWithDebInfo|x64
		{59DD6337-039E-38A0-812E-D39735F6C0FD}.Debug|x64.ActiveCfg = Debug|x64
		{59DD6337-039E-38A0-812E-D39735F6C0FD}.Debug|x64.Build.0 = Debug|x64
		{59DD6337-039E-38A0-812E-D39735F6C0FD}.Release|x64.ActiveCfg = Release|x64
		{59DD6337-039E-38A0-812E-D39735F6C0FD}.Release|x64.Build.0 = Release|x64
		{59DD6337-039E-38A0-812E-D39735F6C0FD}.MinSizeRel|x64.ActiveCfg = MinSizeRel|x64
		{59DD6337-039E-38A0-812E-D39735F6C0FD}.MinSizeRel|x64.Build.0 = MinSizeRel|x64
		{59DD6337-039E-38A0-812E-D39735F6C0FD}.RelWithDebInfo|x64.ActiveCfg = RelWithDebInfo|x64
		{59DD6337-039E-38A0-812E-D39735F6C0FD}.RelWithDebInfo|x64.Build.0 = RelWithDebInfo|x64
		{3F549EE3-9E56-36AB-9AD8-4C708E64172A}.Debug|x64.ActiveCfg = Debug|x64
		{3F549EE3-9E56-36AB-9AD8-4C708E64172A}.Debug|x64.Build.0 = Debug|x64
		{3F549EE3-9E56-36AB-9AD8-4C708E64172A}.Release|x64.ActiveCfg = Release|x64
		{3F549EE3-9E56-36AB-9AD8-4C708E64172A}.Release|x64.Build.0 = Release|x64
		{3F549EE3-9E56-36AB-9AD8-4C708E64172A}.MinSizeRel|x64.ActiveCfg = MinSizeRel|x64
		{3F549EE3-9E56-36AB-9AD8-4C708E64172A}.MinSizeRel|x64.Build.0 = MinSizeRel|x64
		{3F549EE3-9E56-36AB-9AD8-4C708E64172A}.RelWithDebInfo|x64.ActiveCfg = RelWithDebInfo|x64
		{3F549EE3-9E56-36AB-9AD8-4C708E64172A}.RelWithDebInfo|x64.Build.0 = RelWithDebInfo|x64
		{C0A61200-39D3-3ADA-9872-98DDC6C41B35}.Debug|x64.ActiveCfg = Debug|x64
		{C0A61200-39D3-3ADA-9872-98DDC6C41B35}.Release|x64.ActiveCfg = Release|x64
		{C0A61200-39D3-3ADA-9872-98DDC6C41B35}.MinSizeRel|x64.ActiveCfg = MinSizeRel|x64
		{C0A61200-39D3-3ADA-9872-98DDC6C41B35}.RelWithDebInfo|x64.ActiveCfg = RelWithDebInfo|x64
		{BE509059-050A-3C92-8415-AB11EA0C04CA}.Debug|x64.ActiveCfg = Debug|x64
		{BE509059-050A-3C92-8415-AB11EA0C04CA}.Debug|x64.Build.0 = Debug|x64
		{BE509059-050A-3C92-8415-AB11EA0C04CA}.Release|x64.ActiveCfg = Release|x64
		{BE509059-050A-3C92-8415-AB11EA0C04CA}.Release|x64.Build.0 = Release|x64
		{BE509059-050A-3C92-8415-AB11EA0C04CA}.MinSizeRel|x64.ActiveCfg = MinSizeRel|x64
		{BE509059-050A-3C92-8415-AB11EA0C04CA}.MinSizeRel|x64.Build.0 = MinSizeRel|x64
		{BE509059-050A-3C92-8415-AB11EA0C04CA}.RelWithDebInfo|x64.ActiveCfg = RelWithDebInfo|x64
		{BE509059-050A-3C92-8415-AB11EA0C04CA}.RelWithDebInfo|x64.Build.0 = RelWithDebInfo|x64
		{412EF332-CD5E-390F-B8FC-1A5408E75D11}.Debug|x64.ActiveCfg = Debug|x64
		{412EF332-CD5E-390F-B8FC-1A5408E75D11}.Debug|x64.Build.0 = Debug|x64
		{412EF332-CD5E-390F-B8FC-1A5408E75D11}.Release|x64.ActiveCfg = Release|x64
		{412EF332-CD5E-390F-B8FC-1A5408E75D11}.Release|x64.Build.0 = Release|x64
		{412EF332-CD5E-390F-B8FC-1A5408E75D11}.MinSizeRel|x64.ActiveCfg = MinSizeRel|x64
		{412EF332-CD5E-390F-B8FC-1A5408E75D11}.MinSizeRel|x64.Build.0 = MinSizeRel|x64
		{412EF332-CD5E-390F-B8FC-1A5408E75D11}.RelWithDebInfo|x64.ActiveCfg = RelWithDebInfo|x64
		{412EF332-CD5E-390F-B8FC-1A5408E75D11}.RelWithDebInfo|x64.Build.0 = RelWithDebInfo|x64
		{7344C1DF-69F7-3D2D-BC93-20C07B06DFF1}.Debug|x64.ActiveCfg = Debug|x64
		{7344C1DF-69F7-3D2D-BC93-20C07B06DFF1}.Debug|x64.Build.0 = Debug|x64
		{7344C1DF-69F7-3D2D-BC93-20C07B06DFF1}.Release|x64.ActiveCfg = Release|x64
		{7344C1DF-69F7-3D2D-BC93-20C07B06DFF1}.Release|x64.Build.0 = Release|x64
		{7344C1DF-69F7-3D2D-BC93-20C07B06DFF1}.MinSizeRel|x64.ActiveCfg = MinSizeRel|x64
		{7344C1DF-69F7-3D2D-BC93-20C07B06DFF1}.MinSizeRel|x64.Build.0 = MinSizeRel|x64
		{7344C1DF-69F7-3D2D-BC93-20C07B06DFF1}.RelWithDebInfo|x64.ActiveCfg = RelWithDebInfo|x64
		{7344C1DF-69F7-3D2D-BC93-20C07B06DFF1}.RelWithDebInfo|x64.Build.0 = RelWithDebInfo|x64
		{B64F3C05-D6A4-3599-B524-2C8823FC4296}.Debug|x64.ActiveCfg = Debug|x64
		{B64F3C05-D6A4-3599-B524-2C8823FC4296}.Debug|x64.Build.0 = Debug|x64
		{B64F3C05-D6A4-3599-B524-2C8823FC4296}.Release|x64.ActiveCfg = Release|x64
		{B64F3C05-D6A4-3599-B524-2C8823FC4296}.Release|x64.Build.0 = Release|x64
		{B64F3C05-D6A4-3599-B524-2C8823FC4296}.MinSizeRel|x64.ActiveCfg = MinSizeRel|x64
		{B64F3C05-D6A4-3599-B524-2C8823FC4296}.MinSizeRel|x64.Build.0 = MinSizeRel|x64
		{B64F3C05-D6A4-3599-B524-2C8823FC4296}.RelWithDebInfo|x64.ActiveCfg = RelWithDebInfo|x64
		{B64F3C05-D6A4-3599-B524-2C8823FC4296}.RelWithDebInfo|x64.Build.0 = RelWithDebInfo|x64
		{CA170611-B56E-3C17-B32C-5F6E1EF2FA18}.Debug|x64.ActiveCfg = Debug|x64
		{CA170611-B56E-3C17-B32C-5F6E1EF2FA18}.Debug|x64.Build.0 = Debug|x64
		{CA170611-B56E-3C17-B32C-5F6E1EF2FA18}.Release|x64.ActiveCfg = Release|x64
		{CA170611-B56E-3C17-B32C-5F6E1EF2FA18}.Release|x64.Build.0 = Release|x64
		{CA170611-B56E-3C17-B32C-5F6E1EF2FA18}.MinSizeRel|x64.ActiveCfg = MinSizeRel|x64
		{CA170611-B56E-3C17-B32C-5F6E1EF2FA18}.MinSizeRel|x64.Build.0 = MinSizeRel|x64
		{CA170611-B56E-3C17-B32C-5F6E1EF2FA18}.RelWithDebInfo|x64.ActiveCfg = RelWithDebInfo|x64
		{CA170611-B56E-3C17-B32C-5F6E1EF2FA18}.RelWithDebInfo|x64.Build.0 = RelWithDebInfo|x64
		{4570A8A9-EBCB-3379-8BA8-6C0B3996C507}.Debug|x64.ActiveCfg = Debug|x64
		{4570A8A9-EBCB-3379-8BA8-6C0B3996C507}.Debug|x64.Build.0 = Debug|x64
		{4570A8A9-EBCB-3379-8BA8-6C0B3996C507}.Release|x64.ActiveCfg = Release|x64
		{4570A8A9-EBCB-3379-8BA8-6C0B3996C507}.Release|x64.Build.0 = Release|x64
		{4570A8A9-EBCB-3379-8BA8-6C0B3996C507}.MinSizeRel|x64.ActiveCfg = MinSizeRel|x64
		{4570A8A9-EBCB-3379-8BA8-6C0B3996C507}.MinSizeRel|x64.Build.0 = MinSizeRel|x64
		{4570A8A9-EBCB-3379-8BA8-6C0B3996C507}.RelWithDebInfo|x64.ActiveCfg = RelWithDebInfo|x64
		{4570A8A9-EBCB-3379-8BA8-6C0B3996C507}.RelWithDebInfo|x64.Build.0 = RelWithDebInfo|x64
		{80C5A3A6-3FCB-3368-8E84-005605429B8A}.Debug|x64.ActiveCfg = Debug|x64
		{80C5A3A6-3FCB-3368-8E84-005605429B8A}.Debug|x64.Build.0 = Debug|x64
		{80C5A3A6-3FCB-3368-8E84-005605429B8A}.Release|x64.ActiveCfg = Release|x64
		{80C5A3A6-3FCB-3368-8E84-005605429B8A}.Release|x64.Build.0 = Release|x64
		{80C5A3A6-3FCB-3368-8E84-005605429B8A}.MinSizeRel|x64.ActiveCfg = MinSizeRel|x64
		{80C5A3A6-3FCB-3368-8E84-005605429B8A}.MinSizeRel|x64.Build.0 = MinSizeRel|x64
		{80C5A3A6-3FCB-3368-8E84-005605429B8A}.RelWithDebInfo|x64.ActiveCfg = RelWithDebInfo|x64
		{80C5A3A6-3FCB-3368-8E84-005605429B8A}.RelWithDebInfo|x64.Build.0 = RelWithDebInfo|x64
		{FE8E7893-7B85-3E76-AD0C-22A3BFF23BD9}.Debug|x64.ActiveCfg = Debug|x64
		{FE8E7893-7B85-3E76-AD0C-22A3BFF23BD9}.Debug|x64.Build.0 = Debug|x64
		{FE8E7893-7B85-3E76-AD0C-22A3BFF23BD9}.Release|x64.ActiveCfg = Release|x64
		{FE8E7893-7B85-3E76-AD0C-22A3BFF23BD9}.Release|x64.Build.0 = Release|x64
		{FE8E7893-7B85-3E76-AD0C-22A3BFF23BD9}.MinSizeRel|x64.ActiveCfg = MinSizeRel|x64
		{FE8E7893-7B85-3E76-AD0C-22A3BFF23BD9}.MinSizeRel|x64.Build.0 = MinSizeRel|x64
		{FE8E7893-7B85-3E76-AD0C-22A3BFF23BD9}.RelWithDebInfo|x64.ActiveCfg = RelWithDebInfo|x64
		{FE8E7893-7B85-3E76-AD0C-22A3BFF23BD9}.RelWithDebInfo|x64.Build.0 = RelWithDebInfo|x64
		{F12992AB-F494-3FBD-ACBE-7062ED2F76AE}.Debug|x64.ActiveCfg = Debug|x64
		{F12992AB-F494-3FBD-ACBE-7062ED2F76AE}.Debug|x64.Build.0 = Debug|x64
		{F12992AB-F494-3FBD-ACBE-7062ED2F76AE}.Release|x64.ActiveCfg = Release|x64
		{F12992AB-F494-3FBD-ACBE-7062ED2F76AE}.Release|x64.Build.0 = Release|x64
		{F12992AB-F494-3FBD-ACBE-7062ED2F76AE}.MinSizeRel|x64.ActiveCfg = MinSizeRel|x64
		{F12992AB-F494-3FBD-ACBE-7062ED2F76AE}.MinSizeRel|x64.Build.0 = MinSizeRel|x64
		{F12992AB-F494-3FBD-ACBE-7062ED2F76AE}.RelWithDebInfo|x64.ActiveCfg = RelWithDebInfo|x64
		{F12992AB-F494-3FBD-ACBE-7062ED2F76AE}.RelWithDebInfo|x64.Build.0 = RelWithDebInfo|x64
		{AC36740B-2F59-38B8-8805-561DC1DAFDA0}.Debug|x64.ActiveCfg = Debug|x64
		{AC36740B-2F59-38B8-8805-561DC1DAFDA0}.Debug|x64.Build.0 = Debug|x64
		{AC36740B-2F59-38B8-8805-561DC1DAFDA0}.Release|x64.ActiveCfg = Release|x64
		{AC36740B-2F59-38B8-8805-561DC1DAFDA0}.Release|x64.Build.0 = Release|x64
		{AC36740B-2F59-38B8-8805-561DC1DAFDA0}.MinSizeRel|x64.ActiveCfg = MinSizeRel|x64
		{AC36740B-2F59-38B8-8805-561DC1DAFDA0}.MinSizeRel|x64.Build.0 = MinSizeRel|x64
		{AC36740B-2F59-38B8-8805-561DC1DAFDA0}.RelWithDebInfo|x64.ActiveCfg = RelWithDebInfo|x64
		{AC36740B-2F59-38B8-8805-561DC1DAFDA0}.RelWithDebInfo|x64.Build.0 = RelWithDebInfo|x64
		{7E18FA2C-A20D-3F78-A607-963420E3C9A0}.Debug|x64.ActiveCfg = Debug|x64
		{7E18FA2C-A20D-3F78-A607-963420E3C9A0}.Debug|x64.Build.0 = Debug|x64
		{7E18FA2C-A20D-3F78-A607-963420E3C9A0}.Release|x64.ActiveCfg = Release|x64
		{7E18FA2C-A20D-3F78-A607-963420E3C9A0}.Release|x64.Build.0 = Release|x64
		{7E18FA2C-A20D-3F78-A607-963420E3C9A0}.MinSizeRel|x64.ActiveCfg = MinSizeRel|x64
		{7E18FA2C-A20D-3F78-A607-963420E3C9A0}.MinSizeRel|x64.Build.0 = MinSizeRel|x64
		{7E18FA2C-A20D-3F78-A607-963420E3C9A0}.RelWithDebInfo|x64.ActiveCfg = RelWithDebInfo|x64
		{7E18FA2C-A20D-3F78-A607-963420E3C9A0}.RelWithDebInfo|x64.Build.0 = RelWithDebInfo|x64
		{9A35B9DB-C8F7-3DED-B89C-A80D76ADF32C}.Debug|x64.ActiveCfg = Debug|x64
		{9A35B9DB-C8F7-3DED-B89C-A80D76ADF32C}.Debug|x64.Build.0 = Debug|x64
		{9A35B9DB-C8F7-3DED-B89C-A80D76ADF32C}.Release|x64.ActiveCfg = Release|x64
		{9A35B9DB-C8F7-3DED-B89C-A80D76ADF32C}.Release|x64.Build.0 = Release|x64
		{9A35B9DB-C8F7-3DED-B89C-A80D76ADF32C}.MinSizeRel|x64.ActiveCfg = MinSizeRel|x64
		{9A35B9DB-C8F7-3DED-B89C-A80D76ADF32C}.MinSizeRel|x64.Build.0 = MinSizeRel|x64
		{9A35B9DB-C8F7-3DED-B89C-A80D76ADF32C}.RelWithDebInfo|x64.ActiveCfg = RelWithDebInfo|x64
		{9A35B9DB-C8F7-3DED-B89C-A80D76ADF32C}.RelWithDebInfo|x64.Build.0 = RelWithDebInfo|x64
		{25D342F0-34BB-3D04-A68F-34A16A6EF8F8}.Debug|x64.ActiveCfg = Debug|x64
		{25D342F0-34BB-3D04-A68F-34A16A6EF8F8}.Debug|x64.Build.0 = Debug|x64
		{25D342F0-34BB-3D04-A68F-34A16A6EF8F8}.Release|x64.ActiveCfg = Release|x64
		{25D342F0-34BB-3D04-A68F-34A16A6EF8F8}.Release|x64.Build.0 = Release|x64
		{25D342F0-34BB-3D04-A68F-34A16A6EF8F8}.MinSizeRel|x64.ActiveCfg = MinSizeRel|x64
		{25D342F0-34BB-3D04-A68F-34A16A6EF8F8}.MinSizeRel|x64.Build.0 = MinSizeRel|x64
		{25D342F0-34BB-3D04-A68F-34A16A6EF8F8}.RelWithDebInfo|x64.ActiveCfg = RelWithDebInfo|x64
		{25D342F0-34BB-3D04-A68F-34A16A6EF8F8}.RelWithDebInfo|x64.Build.0 = RelWithDebInfo|x64
		{1D800B45-1550-359B-A1FE-226A40286E1E}.Debug|x64.ActiveCfg = Debug|x64
		{1D800B45-1550-359B-A1FE-226A40286E1E}.Debug|x64.Build.0 = Debug|x64
		{1D800B45-1550-359B-A1FE-226A40286E1E}.Release|x64.ActiveCfg = Release|x64
		{1D800B45-1550-359B-A1FE-226A40286E1E}.Release|x64.Build.0 = Release|x64
		{1D800B45-1550-359B-A1FE-226A40286E1E}.MinSizeRel|x64.ActiveCfg = MinSizeRel|x64
		{1D800B45-1550-359B-A1FE-226A40286E1E}.MinSizeRel|x64.Build.0 = MinSizeRel|x64
		{1D800B45-1550-359B-A1FE-226A40286E1E}.RelWithDebInfo|x64.ActiveCfg = RelWithDebInfo|x64
		{1D800B45-1550-359B-A1FE-226A40286E1E}.RelWithDebInfo|x64.Build.0 = RelWithDebInfo|x64
		{527A47AE-BB2A-3D3E-BE1F-C8C1F1E7B7E3}.Debug|x64.ActiveCfg = Debug|x64
		{527A47AE-BB2A-3D3E-BE1F-C8C1F1E7B7E3}.Debug|x64.Build.0 = Debug|x64
		{527A47AE-BB2A-3D3E-BE1F-C8C1F1E7B7E3}.Release|x64.ActiveCfg = Release|x64
		{527A47AE-BB2A-3D3E-BE1F-C8C1F1E7B7E3}.Release|x64.Build.0 = Release|x64
		{527A47AE-BB2A-3D3E-BE1F-C8C1F1E7B7E3}.MinSizeRel|x64.ActiveCfg = MinSizeRel|x64
		{527A47AE-BB2A-3D3E-BE1F-C8C1F1E7B7E3}.MinSizeRel|x64.Build.0 = MinSizeRel|x64
		{527A47AE-BB2A-3D3E-BE1F-C8C1F1E7B7E3}.RelWithDebInfo|x64.ActiveCfg = RelWithDebInfo|x64
		{527A47AE-BB2A-3D3E-BE1F-C8C1F1E7B7E3}.RelWithDebInfo|x64.Build.0 = RelWithDebInfo|x64
		{50AA3171-6283-3E87-AB93-3DF565C5742B}.Debug|x64.ActiveCfg = Debug|x64
		{50AA3171-6283-3E87-AB93-3DF565C5742B}.Debug|x64.Build.0 = Debug|x64
		{50AA3171-6283-3E87-AB93-3DF565C5742B}.Release|x64.ActiveCfg = Release|x64
		{50AA3171-6283-3E87-AB93-3DF565C5742B}.Release|x64.Build.0 = Release|x64
		{50AA3171-6283-3E87-AB93-3DF565C5742B}.MinSizeRel|x64.ActiveCfg = MinSizeRel|x64
		{50AA3171-6283-3E87-AB93-3DF565C5742B}.MinSizeRel|x64.Build.0 = MinSizeRel|x64
		{50AA3171-6283-3E87-AB93-3DF565C5742B}.RelWithDebInfo|x64.ActiveCfg = RelWithDebInfo|x64
		{50AA3171-6283-3E87-AB93-3DF565C5742B}.RelWithDebInfo|x64.Build.0 = RelWithDebInfo|x64
		{B42784A2-36F5-35CB-8280-050BE4785DA7}.Debug|x64.ActiveCfg = Debug|x64
		{B42784A2-36F5-35CB-8280-050BE4785DA7}.Debug|x64.Build.0 = Debug|x64
		{B42784A2-36F5-35CB-8280-050BE4785DA7}.Release|x64.ActiveCfg = Release|x64
		{B42784A2-36F5-35CB-8280-050BE4785DA7}.Release|x64.Build.0 = Release|x64
		{B42784A2-36F5-35CB-8280-050BE4785DA7}.MinSizeRel|x64.ActiveCfg = MinSizeRel|x64
		{B42784A2-36F5-35CB-8280-050BE4785DA7}.MinSizeRel|x64.Build.0 = MinSizeRel|x64
		{B42784A2-36F5-35CB-8280-050BE4785DA7}.RelWithDebInfo|x64.ActiveCfg = RelWithDebInfo|x64
		{B42784A2-36F5-35CB-8280-050BE4785DA7}.RelWithDebInfo|x64.Build.0 = RelWithDebInfo|x64
		{83E46F48-0002-3204-B5FE-10E92E4065DD}.Debug|x64.ActiveCfg = Debug|x64
		{83E46F48-0002-3204-B5FE-10E92E4065DD}.Debug|x64.Build.0 = Debug|x64
		{83E46F48-0002-3204-B5FE-10E92E4065DD}.Release|x64.ActiveCfg = Release|x64
		{83E46F48-0002-3204-B5FE-10E92E4065DD}.Release|x64.Build.0 = Release|x64
		{83E46F48-0002-3204-B5FE-10E92E4065DD}.MinSizeRel|x64.ActiveCfg = MinSizeRel|x64
		{83E46F48-0002-3204-B5FE-10E92E4065DD}.MinSizeRel|x64.Build.0 = MinSizeRel|x64
		{83E46F48-0002-3204-B5FE-10E92E4065DD}.RelWithDebInfo|x64.ActiveCfg = RelWithDebInfo|x64
		{83E46F48-0002-3204-B5FE-10E92E4065DD}.RelWithDebInfo|x64.Build.0 = RelWithDebInfo|x64
		{E28D3639-75BA-3D84-B7B6-AB76ADAE212C}.Debug|x64.ActiveCfg = Debug|x64
		{E28D3639-75BA-3D84-B7B6-AB76ADAE212C}.Debug|x64.Build.0 = Debug|x64
		{E28D3639-75BA-3D84-B7B6-AB76ADAE212C}.Release|x64.ActiveCfg = Release|x64
		{E28D3639-75BA-3D84-B7B6-AB76ADAE212C}.Release|x64.Build.0 = Release|x64
		{E28D3639-75BA-3D84-B7B6-AB76ADAE212C}.MinSizeRel|x64.ActiveCfg = MinSizeRel|x64
		{E28D3639-75BA-3D84-B7B6-AB76ADAE212C}.MinSizeRel|x64.Build.0 = MinSizeRel|x64
		{E28D3639-75BA-3D84-B7B6-AB76ADAE212C}.RelWithDebInfo|x64.ActiveCfg = RelWithDebInfo|x64
		{E28D3639-75BA-3D84-B7B6-AB76ADAE212C}.RelWithDebInfo|x64.Build.0 = RelWithDebInfo|x64
		{706E5E7B-7EED-3932-9447-56FFF22B8A71}.Debug|x64.ActiveCfg = Debug|x64
		{706E5E7B-7EED-3932-9447-56FFF22B8A71}.Debug|x64.Build.0 = Debug|x64
		{706E5E7B-7EED-3932-9447-56FFF22B8A71}.Release|x64.ActiveCfg = Release|x64
		{706E5E7B-7EED-3932-9447-56FFF22B8A71}.Release|x64.Build.0 = Release|x64
		{706E5E7B-7EED-3932-9447-56FFF22B8A71}.MinSizeRel|x64.ActiveCfg = MinSizeRel|x64
		{706E5E7B-7EED-3932-9447-56FFF22B8A71}.MinSizeRel|x64.Build.0 = MinSizeRel|x64
		{706E5E7B-7EED-3932-9447-56FFF22B8A71}.RelWithDebInfo|x64.ActiveCfg = RelWithDebInfo|x64
		{706E5E7B-7EED-3932-9447-56FFF22B8A71}.RelWithDebInfo|x64.Build.0 = RelWithDebInfo|x64
		{E4451795-2685-3977-971A-FF2E122A5FCB}.Debug|x64.ActiveCfg = Debug|x64
		{E4451795-2685-3977-971A-FF2E122A5FCB}.Debug|x64.Build.0 = Debug|x64
		{E4451795-2685-3977-971A-FF2E122A5FCB}.Release|x64.ActiveCfg = Release|x64
		{E4451795-2685-3977-971A-FF2E122A5FCB}.Release|x64.Build.0 = Release|x64
		{E4451795-2685-3977-971A-FF2E122A5FCB}.MinSizeRel|x64.ActiveCfg = MinSizeRel|x64
		{E4451795-2685-3977-971A-FF2E122A5FCB}.MinSizeRel|x64.Build.0 = MinSizeRel|x64
		{E4451795-2685-3977-971A-FF2E122A5FCB}.RelWithDebInfo|x64.ActiveCfg = RelWithDebInfo|x64
		{E4451795-2685-3977-971A-FF2E122A5FCB}.RelWithDebInfo|x64.Build.0 = RelWithDebInfo|x64
	EndGlobalSection
	GlobalSection(ExtensibilityGlobals) = postSolution
		SolutionGuid = {EB46A2CD-E0E1-3128-A17B-F3D368EE012E}
	EndGlobalSection
	GlobalSection(ExtensibilityAddIns) = postSolution
	EndGlobalSection
EndGlobal
