<?xml version="1.0" encoding="utf-8"?>
<Project ToolsVersion="15.0" xmlns="http://schemas.microsoft.com/developer/msbuild/2003">
  <ItemGroup>
    <ClCompile Include="D:\working\renderer\opgl_renderer\project\freeglut-3.2.1\progs\demos\shapes\shapes.c">
      <Filter>Source Files</Filter>
    </ClCompile>
    <ClCompile Include="D:\working\renderer\opgl_renderer\project\freeglut-3.2.1\progs\demos\shapes\glmatrix.c">
      <Filter>Source Files</Filter>
    </ClCompile>
  </ItemGroup>
  <ItemGroup>
    <ClInclude Include="D:\working\renderer\opgl_renderer\project\freeglut-3.2.1\progs\demos\shapes\glmatrix.h">
      <Filter>Header Files</Filter>
    </ClInclude>
  </ItemGroup>
  <ItemGroup>
    <CustomBuild Include="D:\working\renderer\opgl_renderer\project\freeglut-3.2.1\CMakeLists.txt" />
  </ItemGroup>
  <ItemGroup>
    <Filter Include="Header Files">
      <UniqueIdentifier>{D59071F6-7088-3A4A-8D9D-8551D64A98BD}</UniqueIdentifier>
    </Filter>
    <Filter Include="Source Files">
      <UniqueIdentifier>{F7FBF3C9-91CA-3723-B6C8-63485CFC8882}</UniqueIdentifier>
    </Filter>
  </ItemGroup>
</Project>
